{
  "name": "bananatok",
  "version": "1.0.0",
  "lockfileVersion": 2,
  "requires": true,
  "packages": {
    "": {
      "name": "bananatok",
      "version": "1.0.0",
      "license": "ISC",
      "dependencies": {
        "emoji-picker-react": "^3.6.2"
      },
      "engines": {
        "node": "16.x"
      }
    },
    "node_modules/emoji-picker-react": {
      "version": "3.6.2",
      "resolved": "https://registry.npmjs.org/emoji-picker-react/-/emoji-picker-react-3.6.2.tgz",
      "integrity": "sha512-PK3dfljGxeyN8fDz2FAsDYKPYGgo6/tkRyzJjLVaw0fksJg7jA3OJPIlHq2IIzTmlC/NKhcI/oaf0uEo5azYGA=="
    }
  },
  "dependencies": {
    "emoji-picker-react": {
      "version": "3.6.2",
      "resolved": "https://registry.npmjs.org/emoji-picker-react/-/emoji-picker-react-3.6.2.tgz",
      "integrity": "sha512-PK3dfljGxeyN8fDz2FAsDYKPYGgo6/tkRyzJjLVaw0fksJg7jA3OJPIlHq2IIzTmlC/NKhcI/oaf0uEo5azYGA=="
    }
  }
}
